// !$*UTF8*$!
{
	archiveVersion = 1;
	classes = {
	};
	objectVersion = 50;
	objects = {

/* Begin PBXBuildFile section */
		578A10F0256B89A3009E543C /* AppDelegate.m in Sources */ = {isa = PBXBuildFile; fileRef = 578A10EF256B89A3009E543C /* AppDelegate.m */; };
		578A10F6256B89A3009E543C /* ViewController.m in Sources */ = {isa = PBXBuildFile; fileRef = 578A10F5256B89A3009E543C /* ViewController.m */; };
		578A10F9256B89A3009E543C /* Main.storyboard in Resources */ = {isa = PBXBuildFile; fileRef = 578A10F7256B89A3009E543C /* Main.storyboard */; };
		578A10FB256B89A8009E543C /* Assets.xcassets in Resources */ = {isa = PBXBuildFile; fileRef = 578A10FA256B89A8009E543C /* Assets.xcassets */; };
		578A10FE256B89A8009E543C /* LaunchScreen.storyboard in Resources */ = {isa = PBXBuildFile; fileRef = 578A10FC256B89A8009E543C /* LaunchScreen.storyboard */; };
		578A1101256B89A8009E543C /* main.m in Sources */ = {isa = PBXBuildFile; fileRef = 578A1100256B89A8009E543C /* main.m */; };
		578A110B256B89A8009E543C /* DemoTests.m in Sources */ = {isa = PBXBuildFile; fileRef = 578A110A256B89A8009E543C /* DemoTests.m */; };
		578A1116256B89A8009E543C /* DemoUITests.m in Sources */ = {isa = PBXBuildFile; fileRef = 578A1115256B89A8009E543C /* DemoUITests.m */; };
		578A112E256B8A24009E543C /* TabBarMainViewController.m in Sources */ = {isa = PBXBuildFile; fileRef = 578A112D256B8A24009E543C /* TabBarMainViewController.m */; };
		578A113A256B8A7C009E543C /* AdminMainViewController.m in Sources */ = {isa = PBXBuildFile; fileRef = 578A1139256B8A7C009E543C /* AdminMainViewController.m */; };
		578A1143256B8A8A009E543C /* UserMainViewController.m in Sources */ = {isa = PBXBuildFile; fileRef = 578A1142256B8A8A009E543C /* UserMainViewController.m */; };
		57C50E4B256BAA4A003CC1DE /* LoginViewController.m in Sources */ = {isa = PBXBuildFile; fileRef = 57C50E4A256BAA4A003CC1DE /* LoginViewController.m */; };
		57C50E75256BAF28003CC1DE /* NSLayoutConstraint+MASDebugAdditions.m in Sources */ = {isa = PBXBuildFile; fileRef = 57C50E5D256BAF28003CC1DE /* NSLayoutConstraint+MASDebugAdditions.m */; };
		57C50E76256BAF28003CC1DE /* ViewController+MASAdditions.m in Sources */ = {isa = PBXBuildFile; fileRef = 57C50E66256BAF28003CC1DE /* ViewController+MASAdditions.m */; };
		57C50E77256BAF28003CC1DE /* MASCompositeConstraint.m in Sources */ = {isa = PBXBuildFile; fileRef = 57C50E6A256BAF28003CC1DE /* MASCompositeConstraint.m */; };
		57C50E78256BAF28003CC1DE /* MASConstraintMaker.m in Sources */ = {isa = PBXBuildFile; fileRef = 57C50E6B256BAF28003CC1DE /* MASConstraintMaker.m */; };
		57C50E79256BAF28003CC1DE /* MASLayoutConstraint.m in Sources */ = {isa = PBXBuildFile; fileRef = 57C50E6C256BAF28003CC1DE /* MASLayoutConstraint.m */; };
		57C50E7A256BAF28003CC1DE /* NSArray+MASAdditions.m in Sources */ = {isa = PBXBuildFile; fileRef = 57C50E6D256BAF28003CC1DE /* NSArray+MASAdditions.m */; };
		57C50E7B256BAF28003CC1DE /* View+MASAdditions.m in Sources */ = {isa = PBXBuildFile; fileRef = 57C50E6E256BAF28003CC1DE /* View+MASAdditions.m */; };
		57C50E7C256BAF28003CC1DE /* MASConstraint.m in Sources */ = {isa = PBXBuildFile; fileRef = 57C50E71256BAF28003CC1DE /* MASConstraint.m */; };
		57C50E7D256BAF28003CC1DE /* MASViewConstraint.m in Sources */ = {isa = PBXBuildFile; fileRef = 57C50E73256BAF28003CC1DE /* MASViewConstraint.m */; };
		57C50E7E256BAF28003CC1DE /* MASViewAttribute.m in Sources */ = {isa = PBXBuildFile; fileRef = 57C50E74256BAF28003CC1DE /* MASViewAttribute.m */; };
/* End PBXBuildFile section */

/* Begin PBXContainerItemProxy section */
		578A1107256B89A8009E543C /* PBXContainerItemProxy */ = {
			isa = PBXContainerItemProxy;
			containerPortal = 578A10E3256B89A3009E543C /* Project object */;
			proxyType = 1;
			remoteGlobalIDString = 578A10EA256B89A3009E543C;
			remoteInfo = Demo;
		};
		578A1112256B89A8009E543C /* PBXContainerItemProxy */ = {
			isa = PBXContainerItemProxy;
			containerPortal = 578A10E3256B89A3009E543C /* Project object */;
			proxyType = 1;
			remoteGlobalIDString = 578A10EA256B89A3009E543C;
			remoteInfo = Demo;
		};
/* End PBXContainerItemProxy section */

/* Begin PBXFileReference section */
		578A10EB256B89A3009E543C /* Demo.app */ = {isa = PBXFileReference; explicitFileType = wrapper.application; includeInIndex = 0; path = Demo.app; sourceTree = BUILT_PRODUCTS_DIR; };
		578A10EE256B89A3009E543C /* AppDelegate.h */ = {isa = PBXFileReference; lastKnownFileType = sourcecode.c.h; path = AppDelegate.h; sourceTree = "<group>"; };
		578A10EF256B89A3009E543C /* AppDelegate.m */ = {isa = PBXFileReference; lastKnownFileType = sourcecode.c.objc; path = AppDelegate.m; sourceTree = "<group>"; };
		578A10F4256B89A3009E543C /* ViewController.h */ = {isa = PBXFileReference; lastKnownFileType = sourcecode.c.h; path = ViewController.h; sourceTree = "<group>"; };
		578A10F5256B89A3009E543C /* ViewController.m */ = {isa = PBXFileReference; lastKnownFileType = sourcecode.c.objc; path = ViewController.m; sourceTree = "<group>"; };
		578A10F8256B89A3009E543C /* Base */ = {isa = PBXFileReference; lastKnownFileType = file.storyboard; name = Base; path = Base.lproj/Main.storyboard; sourceTree = "<group>"; };
		578A10FA256B89A8009E543C /* Assets.xcassets */ = {isa = PBXFileReference; lastKnownFileType = folder.assetcatalog; path = Assets.xcassets; sourceTree = "<group>"; };
		578A10FD256B89A8009E543C /* Base */ = {isa = PBXFileReference; lastKnownFileType = file.storyboard; name = Base; path = Base.lproj/LaunchScreen.storyboard; sourceTree = "<group>"; };
		578A10FF256B89A8009E543C /* Info.plist */ = {isa = PBXFileReference; lastKnownFileType = text.plist.xml; path = Info.plist; sourceTree = "<group>"; };
		578A1100256B89A8009E543C /* main.m */ = {isa = PBXFileReference; lastKnownFileType = sourcecode.c.objc; path = main.m; sourceTree = "<group>"; };
		578A1106256B89A8009E543C /* DemoTests.xctest */ = {isa = PBXFileReference; explicitFileType = wrapper.cfbundle; includeInIndex = 0; path = DemoTests.xctest; sourceTree = BUILT_PRODUCTS_DIR; };
		578A110A256B89A8009E543C /* DemoTests.m */ = {isa = PBXFileReference; lastKnownFileType = sourcecode.c.objc; path = DemoTests.m; sourceTree = "<group>"; };
		578A110C256B89A8009E543C /* Info.plist */ = {isa = PBXFileReference; lastKnownFileType = text.plist.xml; path = Info.plist; sourceTree = "<group>"; };
		578A1111256B89A8009E543C /* DemoUITests.xctest */ = {isa = PBXFileReference; explicitFileType = wrapper.cfbundle; includeInIndex = 0; path = DemoUITests.xctest; sourceTree = BUILT_PRODUCTS_DIR; };
		578A1115256B89A8009E543C /* DemoUITests.m */ = {isa = PBXFileReference; lastKnownFileType = sourcecode.c.objc; path = DemoUITests.m; sourceTree = "<group>"; };
		578A1117256B89A8009E543C /* Info.plist */ = {isa = PBXFileReference; lastKnownFileType = text.plist.xml; path = Info.plist; sourceTree = "<group>"; };
		578A112C256B8A24009E543C /* TabBarMainViewController.h */ = {isa = PBXFileReference; lastKnownFileType = sourcecode.c.h; path = TabBarMainViewController.h; sourceTree = "<group>"; };
		578A112D256B8A24009E543C /* TabBarMainViewController.m */ = {isa = PBXFileReference; lastKnownFileType = sourcecode.c.objc; path = TabBarMainViewController.m; sourceTree = "<group>"; };
		578A1138256B8A7C009E543C /* AdminMainViewController.h */ = {isa = PBXFileReference; lastKnownFileType = sourcecode.c.h; path = AdminMainViewController.h; sourceTree = "<group>"; };
		578A1139256B8A7C009E543C /* AdminMainViewController.m */ = {isa = PBXFileReference; lastKnownFileType = sourcecode.c.objc; path = AdminMainViewController.m; sourceTree = "<group>"; };
		578A1141256B8A8A009E543C /* UserMainViewController.h */ = {isa = PBXFileReference; lastKnownFileType = sourcecode.c.h; path = UserMainViewController.h; sourceTree = "<group>"; };
		578A1142256B8A8A009E543C /* UserMainViewController.m */ = {isa = PBXFileReference; lastKnownFileType = sourcecode.c.objc; path = UserMainViewController.m; sourceTree = "<group>"; };
		57C50E49256BAA4A003CC1DE /* LoginViewController.h */ = {isa = PBXFileReference; lastKnownFileType = sourcecode.c.h; path = LoginViewController.h; sourceTree = "<group>"; };
		57C50E4A256BAA4A003CC1DE /* LoginViewController.m */ = {isa = PBXFileReference; lastKnownFileType = sourcecode.c.objc; path = LoginViewController.m; sourceTree = "<group>"; };
		57C50E5C256BAF28003CC1DE /* MASCompositeConstraint.h */ = {isa = PBXFileReference; fileEncoding = 4; lastKnownFileType = sourcecode.c.h; path = MASCompositeConstraint.h; sourceTree = "<group>"; };
		57C50E5D256BAF28003CC1DE /* NSLayoutConstraint+MASDebugAdditions.m */ = {isa = PBXFileReference; fileEncoding = 4; lastKnownFileType = sourcecode.c.objc; path = "NSLayoutConstraint+MASDebugAdditions.m"; sourceTree = "<group>"; };
		57C50E5E256BAF28003CC1DE /* MASConstraint+Private.h */ = {isa = PBXFileReference; fileEncoding = 4; lastKnownFileType = sourcecode.c.h; path = "MASConstraint+Private.h"; sourceTree = "<group>"; };
		57C50E5F256BAF28003CC1DE /* MASLayoutConstraint.h */ = {isa = PBXFileReference; fileEncoding = 4; lastKnownFileType = sourcecode.c.h; path = MASLayoutConstraint.h; sourceTree = "<group>"; };
		57C50E60256BAF28003CC1DE /* NSArray+MASShorthandAdditions.h */ = {isa = PBXFileReference; fileEncoding = 4; lastKnownFileType = sourcecode.c.h; path = "NSArray+MASShorthandAdditions.h"; sourceTree = "<group>"; };
		57C50E61256BAF28003CC1DE /* MASConstraintMaker.h */ = {isa = PBXFileReference; fileEncoding = 4; lastKnownFileType = sourcecode.c.h; path = MASConstraintMaker.h; sourceTree = "<group>"; };
		57C50E62256BAF28003CC1DE /* View+MASAdditions.h */ = {isa = PBXFileReference; fileEncoding = 4; lastKnownFileType = sourcecode.c.h; path = "View+MASAdditions.h"; sourceTree = "<group>"; };
		57C50E63256BAF28003CC1DE /* NSArray+MASAdditions.h */ = {isa = PBXFileReference; fileEncoding = 4; lastKnownFileType = sourcecode.c.h; path = "NSArray+MASAdditions.h"; sourceTree = "<group>"; };
		57C50E64256BAF28003CC1DE /* MASUtilities.h */ = {isa = PBXFileReference; fileEncoding = 4; lastKnownFileType = sourcecode.c.h; path = MASUtilities.h; sourceTree = "<group>"; };
		57C50E65256BAF28003CC1DE /* MASViewAttribute.h */ = {isa = PBXFileReference; fileEncoding = 4; lastKnownFileType = sourcecode.c.h; path = MASViewAttribute.h; sourceTree = "<group>"; };
		57C50E66256BAF28003CC1DE /* ViewController+MASAdditions.m */ = {isa = PBXFileReference; fileEncoding = 4; lastKnownFileType = sourcecode.c.objc; path = "ViewController+MASAdditions.m"; sourceTree = "<group>"; };
		57C50E67256BAF28003CC1DE /* MASViewConstraint.h */ = {isa = PBXFileReference; fileEncoding = 4; lastKnownFileType = sourcecode.c.h; path = MASViewConstraint.h; sourceTree = "<group>"; };
		57C50E68256BAF28003CC1DE /* MASConstraint.h */ = {isa = PBXFileReference; fileEncoding = 4; lastKnownFileType = sourcecode.c.h; path = MASConstraint.h; sourceTree = "<group>"; };
		57C50E69256BAF28003CC1DE /* NSLayoutConstraint+MASDebugAdditions.h */ = {isa = PBXFileReference; fileEncoding = 4; lastKnownFileType = sourcecode.c.h; path = "NSLayoutConstraint+MASDebugAdditions.h"; sourceTree = "<group>"; };
		57C50E6A256BAF28003CC1DE /* MASCompositeConstraint.m */ = {isa = PBXFileReference; fileEncoding = 4; lastKnownFileType = sourcecode.c.objc; path = MASCompositeConstraint.m; sourceTree = "<group>"; };
		57C50E6B256BAF28003CC1DE /* MASConstraintMaker.m */ = {isa = PBXFileReference; fileEncoding = 4; lastKnownFileType = sourcecode.c.objc; path = MASConstraintMaker.m; sourceTree = "<group>"; };
		57C50E6C256BAF28003CC1DE /* MASLayoutConstraint.m */ = {isa = PBXFileReference; fileEncoding = 4; lastKnownFileType = sourcecode.c.objc; path = MASLayoutConstraint.m; sourceTree = "<group>"; };
		57C50E6D256BAF28003CC1DE /* NSArray+MASAdditions.m */ = {isa = PBXFileReference; fileEncoding = 4; lastKnownFileType = sourcecode.c.objc; path = "NSArray+MASAdditions.m"; sourceTree = "<group>"; };
		57C50E6E256BAF28003CC1DE /* View+MASAdditions.m */ = {isa = PBXFileReference; fileEncoding = 4; lastKnownFileType = sourcecode.c.objc; path = "View+MASAdditions.m"; sourceTree = "<group>"; };
		57C50E6F256BAF28003CC1DE /* View+MASShorthandAdditions.h */ = {isa = PBXFileReference; fileEncoding = 4; lastKnownFileType = sourcecode.c.h; path = "View+MASShorthandAdditions.h"; sourceTree = "<group>"; };
		57C50E70256BAF28003CC1DE /* Masonry.h */ = {isa = PBXFileReference; fileEncoding = 4; lastKnownFileType = sourcecode.c.h; path = Masonry.h; sourceTree = "<group>"; };
		57C50E71256BAF28003CC1DE /* MASConstraint.m */ = {isa = PBXFileReference; fileEncoding = 4; lastKnownFileType = sourcecode.c.objc; path = MASConstraint.m; sourceTree = "<group>"; };
		57C50E72256BAF28003CC1DE /* ViewController+MASAdditions.h */ = {isa = PBXFileReference; fileEncoding = 4; lastKnownFileType = sourcecode.c.h; path = "ViewController+MASAdditions.h"; sourceTree = "<group>"; };
		57C50E73256BAF28003CC1DE /* MASViewConstraint.m */ = {isa = PBXFileReference; fileEncoding = 4; lastKnownFileType = sourcecode.c.objc; path = MASViewConstraint.m; sourceTree = "<group>"; };
		57C50E74256BAF28003CC1DE /* MASViewAttribute.m */ = {isa = PBXFileReference; fileEncoding = 4; lastKnownFileType = sourcecode.c.objc; path = MASViewAttribute.m; sourceTree = "<group>"; };
/* End PBXFileReference section */

/* Begin PBXFrameworksBuildPhase section */
		578A10E8256B89A3009E543C /* Frameworks */ = {
			isa = PBXFrameworksBuildPhase;
			buildActionMask = 2147483647;
			files = (
			);
			runOnlyForDeploymentPostprocessing = 0;
		};
		578A1103256B89A8009E543C /* Frameworks */ = {
			isa = PBXFrameworksBuildPhase;
			buildActionMask = 2147483647;
			files = (
			);
			runOnlyForDeploymentPostprocessing = 0;
		};
		578A110E256B89A8009E543C /* Frameworks */ = {
			isa = PBXFrameworksBuildPhase;
			buildActionMask = 2147483647;
			files = (
			);
			runOnlyForDeploymentPostprocessing = 0;
		};
/* End PBXFrameworksBuildPhase section */

/* Begin PBXGroup section */
		578A10E2256B89A3009E543C = {
			isa = PBXGroup;
			children = (
				578A10ED256B89A3009E543C /* Demo */,
				578A1109256B89A8009E543C /* DemoTests */,
				578A1114256B89A8009E543C /* DemoUITests */,
				578A10EC256B89A3009E543C /* Products */,
			);
			sourceTree = "<group>";
		};
		578A10EC256B89A3009E543C /* Products */ = {
			isa = PBXGroup;
			children = (
				578A10EB256B89A3009E543C /* Demo.app */,
				578A1106256B89A8009E543C /* DemoTests.xctest */,
				578A1111256B89A8009E543C /* DemoUITests.xctest */,
			);
			name = Products;
			sourceTree = "<group>";
		};
		578A10ED256B89A3009E543C /* Demo */ = {
			isa = PBXGroup;
			children = (
				57C50E5A256BAF21003CC1DE /* Vendor */,
				578A112B256B8A01009E543C /* Model */,
				578A112A256B89FC009E543C /* View */,
				578A1129256B89F5009E543C /* Controller */,
				578A10EE256B89A3009E543C /* AppDelegate.h */,
				578A10EF256B89A3009E543C /* AppDelegate.m */,
				578A10F4256B89A3009E543C /* ViewController.h */,
				578A10F5256B89A3009E543C /* ViewController.m */,
				578A10F7256B89A3009E543C /* Main.storyboard */,
				578A10FA256B89A8009E543C /* Assets.xcassets */,
				578A10FC256B89A8009E543C /* LaunchScreen.storyboard */,
				578A10FF256B89A8009E543C /* Info.plist */,
				578A1100256B89A8009E543C /* main.m */,
			);
			path = Demo;
			sourceTree = "<group>";
		};
		578A1109256B89A8009E543C /* DemoTests */ = {
			isa = PBXGroup;
			children = (
				578A110A256B89A8009E543C /* DemoTests.m */,
				578A110C256B89A8009E543C /* Info.plist */,
			);
			path = DemoTests;
			sourceTree = "<group>";
		};
		578A1114256B89A8009E543C /* DemoUITests */ = {
			isa = PBXGroup;
			children = (
				578A1115256B89A8009E543C /* DemoUITests.m */,
				578A1117256B89A8009E543C /* Info.plist */,
			);
			path = DemoUITests;
			sourceTree = "<group>";
		};
		578A1129256B89F5009E543C /* Controller */ = {
			isa = PBXGroup;
			children = (
				57C50E48256BA9BD003CC1DE /* Login */,
				578A1137256B8A3D009E543C /* User */,
				578A1136256B8A38009E543C /* Admin */,
				578A1135256B8A2D009E543C /* Base */,
			);
			path = Controller;
			sourceTree = "<group>";
		};
		578A112A256B89FC009E543C /* View */ = {
			isa = PBXGroup;
			children = (
			);
			path = View;
			sourceTree = "<group>";
		};
		578A112B256B8A01009E543C /* Model */ = {
			isa = PBXGroup;
			children = (
			);
			path = Model;
			sourceTree = "<group>";
		};
		578A1135256B8A2D009E543C /* Base */ = {
			isa = PBXGroup;
			children = (
				578A112C256B8A24009E543C /* TabBarMainViewController.h */,
				578A112D256B8A24009E543C /* TabBarMainViewController.m */,
			);
			path = Base;
			sourceTree = "<group>";
		};
		578A1136256B8A38009E543C /* Admin */ = {
			isa = PBXGroup;
			children = (
				578A1138256B8A7C009E543C /* AdminMainViewController.h */,
				578A1139256B8A7C009E543C /* AdminMainViewController.m */,
			);
			path = Admin;
			sourceTree = "<group>";
		};
		578A1137256B8A3D009E543C /* User */ = {
			isa = PBXGroup;
			children = (
				578A1141256B8A8A009E543C /* UserMainViewController.h */,
				578A1142256B8A8A009E543C /* UserMainViewController.m */,
			);
			path = User;
			sourceTree = "<group>";
		};
		57C50E48256BA9BD003CC1DE /* Login */ = {
			isa = PBXGroup;
			children = (
				57C50E49256BAA4A003CC1DE /* LoginViewController.h */,
				57C50E4A256BAA4A003CC1DE /* LoginViewController.m */,
			);
			path = Login;
			sourceTree = "<group>";
		};
		57C50E5A256BAF21003CC1DE /* Vendor */ = {
			isa = PBXGroup;
			children = (
				57C50E5B256BAF28003CC1DE /* Masonry */,
			);
			path = Vendor;
			sourceTree = "<group>";
		};
		57C50E5B256BAF28003CC1DE /* Masonry */ = {
			isa = PBXGroup;
			children = (
				57C50E5C256BAF28003CC1DE /* MASCompositeConstraint.h */,
				57C50E5D256BAF28003CC1DE /* NSLayoutConstraint+MASDebugAdditions.m */,
				57C50E5E256BAF28003CC1DE /* MASConstraint+Private.h */,
				57C50E5F256BAF28003CC1DE /* MASLayoutConstraint.h */,
				57C50E60256BAF28003CC1DE /* NSArray+MASShorthandAdditions.h */,
				57C50E61256BAF28003CC1DE /* MASConstraintMaker.h */,
				57C50E62256BAF28003CC1DE /* View+MASAdditions.h */,
				57C50E63256BAF28003CC1DE /* NSArray+MASAdditions.h */,
				57C50E64256BAF28003CC1DE /* MASUtilities.h */,
				57C50E65256BAF28003CC1DE /* MASViewAttribute.h */,
				57C50E66256BAF28003CC1DE /* ViewController+MASAdditions.m */,
				57C50E67256BAF28003CC1DE /* MASViewConstraint.h */,
				57C50E68256BAF28003CC1DE /* MASConstraint.h */,
				57C50E69256BAF28003CC1DE /* NSLayoutConstraint+MASDebugAdditions.h */,
				57C50E6A256BAF28003CC1DE /* MASCompositeConstraint.m */,
				57C50E6B256BAF28003CC1DE /* MASConstraintMaker.m */,
				57C50E6C256BAF28003CC1DE /* MASLayoutConstraint.m */,
				57C50E6D256BAF28003CC1DE /* NSArray+MASAdditions.m */,
				57C50E6E256BAF28003CC1DE /* View+MASAdditions.m */,
				57C50E6F256BAF28003CC1DE /* View+MASShorthandAdditions.h */,
				57C50E70256BAF28003CC1DE /* Masonry.h */,
				57C50E71256BAF28003CC1DE /* MASConstraint.m */,
				57C50E72256BAF28003CC1DE /* ViewController+MASAdditions.h */,
				57C50E73256BAF28003CC1DE /* MASViewConstraint.m */,
				57C50E74256BAF28003CC1DE /* MASViewAttribute.m */,
			);
			path = Masonry;
			sourceTree = "<group>";
		};
/* End PBXGroup section */

/* Begin PBXNativeTarget section */
		578A10EA256B89A3009E543C /* Demo */ = {
			isa = PBXNativeTarget;
			buildConfigurationList = 578A111A256B89A8009E543C /* Build configuration list for PBXNativeTarget "Demo" */;
			buildPhases = (
				578A10E7256B89A3009E543C /* Sources */,
				578A10E8256B89A3009E543C /* Frameworks */,
				578A10E9256B89A3009E543C /* Resources */,
			);
			buildRules = (
			);
			dependencies = (
			);
			name = Demo;
			productName = Demo;
			productReference = 578A10EB256B89A3009E543C /* Demo.app */;
			productType = "com.apple.product-type.application";
		};
		578A1105256B89A8009E543C /* DemoTests */ = {
			isa = PBXNativeTarget;
			buildConfigurationList = 578A111D256B89A8009E543C /* Build configuration list for PBXNativeTarget "DemoTests" */;
			buildPhases = (
				578A1102256B89A8009E543C /* Sources */,
				578A1103256B89A8009E543C /* Frameworks */,
				578A1104256B89A8009E543C /* Resources */,
			);
			buildRules = (
			);
			dependencies = (
				578A1108256B89A8009E543C /* PBXTargetDependency */,
			);
			name = DemoTests;
			productName = DemoTests;
			productReference = 578A1106256B89A8009E543C /* DemoTests.xctest */;
			productType = "com.apple.product-type.bundle.unit-test";
		};
		578A1110256B89A8009E543C /* DemoUITests */ = {
			isa = PBXNativeTarget;
			buildConfigurationList = 578A1120256B89A8009E543C /* Build configuration list for PBXNativeTarget "DemoUITests" */;
			buildPhases = (
				578A110D256B89A8009E543C /* Sources */,
				578A110E256B89A8009E543C /* Frameworks */,
				578A110F256B89A8009E543C /* Resources */,
			);
			buildRules = (
			);
			dependencies = (
				578A1113256B89A8009E543C /* PBXTargetDependency */,
			);
			name = DemoUITests;
			productName = DemoUITests;
			productReference = 578A1111256B89A8009E543C /* DemoUITests.xctest */;
			productType = "com.apple.product-type.bundle.ui-testing";
		};
/* End PBXNativeTarget section */

/* Begin PBXProject section */
		578A10E3256B89A3009E543C /* Project object */ = {
			isa = PBXProject;
			attributes = {
				LastUpgradeCheck = 1210;
				TargetAttributes = {
					578A10EA256B89A3009E543C = {
						CreatedOnToolsVersion = 12.1;
					};
					578A1105256B89A8009E543C = {
						CreatedOnToolsVersion = 12.1;
						TestTargetID = 578A10EA256B89A3009E543C;
					};
					578A1110256B89A8009E543C = {
						CreatedOnToolsVersion = 12.1;
						TestTargetID = 578A10EA256B89A3009E543C;
					};
				};
			};
			buildConfigurationList = 578A10E6256B89A3009E543C /* Build configuration list for PBXProject "Demo" */;
			compatibilityVersion = "Xcode 9.3";
			developmentRegion = en;
			hasScannedForEncodings = 0;
			knownRegions = (
				en,
				Base,
			);
			mainGroup = 578A10E2256B89A3009E543C;
			productRefGroup = 578A10EC256B89A3009E543C /* Products */;
			projectDirPath = "";
			projectRoot = "";
			targets = (
				578A10EA256B89A3009E543C /* Demo */,
				578A1105256B89A8009E543C /* DemoTests */,
				578A1110256B89A8009E543C /* DemoUITests */,
			);
		};
/* End PBXProject section */

/* Begin PBXResourcesBuildPhase section */
		578A10E9256B89A3009E543C /* Resources */ = {
			isa = PBXResourcesBuildPhase;
			buildActionMask = 2147483647;
			files = (
				578A10FE256B89A8009E543C /* LaunchScreen.storyboard in Resources */,
				578A10FB256B89A8009E543C /* Assets.xcassets in Resources */,
				578A10F9256B89A3009E543C /* Main.storyboard in Resources */,
			);
			runOnlyForDeploymentPostprocessing = 0;
		};
		578A1104256B89A8009E543C /* Resources */ = {
			isa = PBXResourcesBuildPhase;
			buildActionMask = 2147483647;
			files = (
			);
			runOnlyForDeploymentPostprocessing = 0;
		};
		578A110F256B89A8009E543C /* Resources */ = {
			isa = PBXResourcesBuildPhase;
			buildActionMask = 2147483647;
			files = (
			);
			runOnlyForDeploymentPostprocessing = 0;
		};
/* End PBXResourcesBuildPhase section */

/* Begin PBXSourcesBuildPhase section */
		578A10E7256B89A3009E543C /* Sources */ = {
			isa = PBXSourcesBuildPhase;
			buildActionMask = 2147483647;
			files = (
				578A1143256B8A8A009E543C /* UserMainViewController.m in Sources */,
				578A10F6256B89A3009E543C /* ViewController.m in Sources */,
				57C50E7A256BAF28003CC1DE /* NSArray+MASAdditions.m in Sources */,
				578A113A256B8A7C009E543C /* AdminMainViewController.m in Sources */,
				57C50E7E256BAF28003CC1DE /* MASViewAttribute.m in Sources */,
				578A112E256B8A24009E543C /* TabBarMainViewController.m in Sources */,
				57C50E79256BAF28003CC1DE /* MASLayoutConstraint.m in Sources */,
				57C50E7B256BAF28003CC1DE /* View+MASAdditions.m in Sources */,
				57C50E77256BAF28003CC1DE /* MASCompositeConstraint.m in Sources */,
				57C50E4B256BAA4A003CC1DE /* LoginViewController.m in Sources */,
				57C50E76256BAF28003CC1DE /* ViewController+MASAdditions.m in Sources */,
				578A10F0256B89A3009E543C /* AppDelegate.m in Sources */,
				578A1101256B89A8009E543C /* main.m in Sources */,
				57C50E78256BAF28003CC1DE /* MASConstraintMaker.m in Sources */,
				57C50E75256BAF28003CC1DE /* NSLayoutConstraint+MASDebugAdditions.m in Sources */,
				57C50E7C256BAF28003CC1DE /* MASConstraint.m in Sources */,
				57C50E7D256BAF28003CC1DE /* MASViewConstraint.m in Sources */,
			);
			runOnlyForDeploymentPostprocessing = 0;
		};
		578A1102256B89A8009E543C /* Sources */ = {
			isa = PBXSourcesBuildPhase;
			buildActionMask = 2147483647;
			files = (
				578A110B256B89A8009E543C /* DemoTests.m in Sources */,
			);
			runOnlyForDeploymentPostprocessing = 0;
		};
		578A110D256B89A8009E543C /* Sources */ = {
			isa = PBXSourcesBuildPhase;
			buildActionMask = 2147483647;
			files = (
				578A1116256B89A8009E543C /* DemoUITests.m in Sources */,
			);
			runOnlyForDeploymentPostprocessing = 0;
		};
/* End PBXSourcesBuildPhase section */

/* Begin PBXTargetDependency section */
		578A1108256B89A8009E543C /* PBXTargetDependency */ = {
			isa = PBXTargetDependency;
			target = 578A10EA256B89A3009E543C /* Demo */;
			targetProxy = 578A1107256B89A8009E543C /* PBXContainerItemProxy */;
		};
		578A1113256B89A8009E543C /* PBXTargetDependency */ = {
			isa = PBXTargetDependency;
			target = 578A10EA256B89A3009E543C /* Demo */;
			targetProxy = 578A1112256B89A8009E543C /* PBXContainerItemProxy */;
		};
/* End PBXTargetDependency section */

/* Begin PBXVariantGroup section */
		578A10F7256B89A3009E543C /* Main.storyboard */ = {
			isa = PBXVariantGroup;
			children = (
				578A10F8256B89A3009E543C /* Base */,
			);
			name = Main.storyboard;
			sourceTree = "<group>";
		};
		578A10FC256B89A8009E543C /* LaunchScreen.storyboard */ = {
			isa = PBXVariantGroup;
			children = (
				578A10FD256B89A8009E543C /* Base */,
			);
			name = LaunchScreen.storyboard;
			sourceTree = "<group>";
		};
/* End PBXVariantGroup section */

/* Begin XCBuildConfiguration section */
		578A1118256B89A8009E543C /* Debug */ = {
			isa = XCBuildConfiguration;
			buildSettings = {
				ALWAYS_SEARCH_USER_PATHS = NO;
				CLANG_ANALYZER_NONNULL = YES;
				CLANG_ANALYZER_NUMBER_OBJECT_CONVERSION = YES_AGGRESSIVE;
				CLANG_CXX_LANGUAGE_STANDARD = "gnu++14";
				CLANG_CXX_LIBRARY = "libc++";
				CLANG_ENABLE_MODULES = YES;
				CLANG_ENABLE_OBJC_ARC = YES;
				CLANG_ENABLE_OBJC_WEAK = YES;
				CLANG_WARN_BLOCK_CAPTURE_AUTORELEASING = YES;
				CLANG_WARN_BOOL_CONVERSION = YES;
				CLANG_WARN_COMMA = YES;
				CLANG_WARN_CONSTANT_CONVERSION = YES;
				CLANG_WARN_DEPRECATED_OBJC_IMPLEMENTATIONS = YES;
				CLANG_WARN_DIRECT_OBJC_ISA_USAGE = YES_ERROR;
				CLANG_WARN_DOCUMENTATION_COMMENTS = YES;
				CLANG_WARN_EMPTY_BODY = YES;
				CLANG_WARN_ENUM_CONVERSION = YES;
				CLANG_WARN_INFINITE_RECURSION = YES;
				CLANG_WARN_INT_CONVERSION = YES;
				CLANG_WARN_NON_LITERAL_NULL_CONVERSION = YES;
				CLANG_WARN_OBJC_IMPLICIT_RETAIN_SELF = YES;
				CLANG_WARN_OBJC_LITERAL_CONVERSION = YES;
				CLANG_WARN_OBJC_ROOT_CLASS = YES_ERROR;
				CLANG_WARN_QUOTED_INCLUDE_IN_FRAMEWORK_HEADER = YES;
				CLANG_WARN_RANGE_LOOP_ANALYSIS = YES;
				CLANG_WARN_STRICT_PROTOTYPES = YES;
				CLANG_WARN_SUSPICIOUS_MOVE = YES;
				CLANG_WARN_UNGUARDED_AVAILABILITY = YES_AGGRESSIVE;
				CLANG_WARN_UNREACHABLE_CODE = YES;
				CLANG_WARN__DUPLICATE_METHOD_MATCH = YES;
				COPY_PHASE_STRIP = NO;
				DEBUG_INFORMATION_FORMAT = dwarf;
				ENABLE_STRICT_OBJC_MSGSEND = YES;
				ENABLE_TESTABILITY = YES;
				GCC_C_LANGUAGE_STANDARD = gnu11;
				GCC_DYNAMIC_NO_PIC = NO;
				GCC_NO_COMMON_BLOCKS = YES;
				GCC_OPTIMIZATION_LEVEL = 0;
				GCC_PREPROCESSOR_DEFINITIONS = (
					"DEBUG=1",
					"$(inherited)",
				);
				GCC_WARN_64_TO_32_BIT_CONVERSION = YES;
				GCC_WARN_ABOUT_RETURN_TYPE = YES_ERROR;
				GCC_WARN_UNDECLARED_SELECTOR = YES;
				GCC_WARN_UNINITIALIZED_AUTOS = YES_AGGRESSIVE;
				GCC_WARN_UNUSED_FUNCTION = YES;
				GCC_WARN_UNUSED_VARIABLE = YES;
				IPHONEOS_DEPLOYMENT_TARGET = 14.1;
				MTL_ENABLE_DEBUG_INFO = INCLUDE_SOURCE;
				MTL_FAST_MATH = YES;
				ONLY_ACTIVE_ARCH = YES;
				SDKROOT = iphoneos;
			};
			name = Debug;
		};
		578A1119256B89A8009E543C /* Release */ = {
			isa = XCBuildConfiguration;
			buildSettings = {
				ALWAYS_SEARCH_USER_PATHS = NO;
				CLANG_ANALYZER_NONNULL = YES;
				CLANG_ANALYZER_NUMBER_OBJECT_CONVERSION = YES_AGGRESSIVE;
				CLANG_CXX_LANGUAGE_STANDARD = "gnu++14";
				CLANG_CXX_LIBRARY = "libc++";
				CLANG_ENABLE_MODULES = YES;
				CLANG_ENABLE_OBJC_ARC = YES;
				CLANG_ENABLE_OBJC_WEAK = YES;
				CLANG_WARN_BLOCK_CAPTURE_AUTORELEASING = YES;
				CLANG_WARN_BOOL_CONVERSION = YES;
				CLANG_WARN_COMMA = YES;
				CLANG_WARN_CONSTANT_CONVERSION = YES;
				CLANG_WARN_DEPRECATED_OBJC_IMPLEMENTATIONS = YES;
				CLANG_WARN_DIRECT_OBJC_ISA_USAGE = YES_ERROR;
				CLANG_WARN_DOCUMENTATION_COMMENTS = YES;
				CLANG_WARN_EMPTY_BODY = YES;
				CLANG_WARN_ENUM_CONVERSION = YES;
				CLANG_WARN_INFINITE_RECURSION = YES;
				CLANG_WARN_INT_CONVERSION = YES;
				CLANG_WARN_NON_LITERAL_NULL_CONVERSION = YES;
				CLANG_WARN_OBJC_IMPLICIT_RETAIN_SELF = YES;
				CLANG_WARN_OBJC_LITERAL_CONVERSION = YES;
				CLANG_WARN_OBJC_ROOT_CLASS = YES_ERROR;
				CLANG_WARN_QUOTED_INCLUDE_IN_FRAMEWORK_HEADER = YES;
				CLANG_WARN_RANGE_LOOP_ANALYSIS = YES;
				CLANG_WARN_STRICT_PROTOTYPES = YES;
				CLANG_WARN_SUSPICIOUS_MOVE = YES;
				CLANG_WARN_UNGUARDED_AVAILABILITY = YES_AGGRESSIVE;
				CLANG_WARN_UNREACHABLE_CODE = YES;
				CLANG_WARN__DUPLICATE_METHOD_MATCH = YES;
				COPY_PHASE_STRIP = NO;
				DEBUG_INFORMATION_FORMAT = "dwarf-with-dsym";
				ENABLE_NS_ASSERTIONS = NO;
				ENABLE_STRICT_OBJC_MSGSEND = YES;
				GCC_C_LANGUAGE_STANDARD = gnu11;
				GCC_NO_COMMON_BLOCKS = YES;
				GCC_WARN_64_TO_32_BIT_CONVERSION = YES;
				GCC_WARN_ABOUT_RETURN_TYPE = YES_ERROR;
				GCC_WARN_UNDECLARED_SELECTOR = YES;
				GCC_WARN_UNINITIALIZED_AUTOS = YES_AGGRESSIVE;
				GCC_WARN_UNUSED_FUNCTION = YES;
				GCC_WARN_UNUSED_VARIABLE = YES;
				IPHONEOS_DEPLOYMENT_TARGET = 14.1;
				MTL_ENABLE_DEBUG_INFO = NO;
				MTL_FAST_MATH = YES;
				SDKROOT = iphoneos;
				VALIDATE_PRODUCT = YES;
			};
			name = Release;
		};
		578A111B256B89A8009E543C /* Debug */ = {
			isa = XCBuildConfiguration;
			buildSettings = {
				ASSETCATALOG_COMPILER_APPICON_NAME = AppIcon;
				ASSETCATALOG_COMPILER_GLOBAL_ACCENT_COLOR_NAME = AccentColor;
				CODE_SIGN_STYLE = Automatic;
				DEVELOPMENT_TEAM = 3MZD3465LC;
				INFOPLIST_FILE = Demo/Info.plist;
				IPHONEOS_DEPLOYMENT_TARGET = 10.0;
				LD_RUNPATH_SEARCH_PATHS = (
					"$(inherited)",
					"@executable_path/Frameworks",
				);
				PRODUCT_BUNDLE_IDENTIFIER = com.nongji360.Demo;
				PRODUCT_NAME = "$(TARGET_NAME)";
				TARGETED_DEVICE_FAMILY = "1,2";
			};
			name = Debug;
		};
		578A111C256B89A8009E543C /* Release */ = {
			isa = XCBuildConfiguration;
			buildSettings = {
				ASSETCATALOG_COMPILER_APPICON_NAME = AppIcon;
				ASSETCATALOG_COMPILER_GLOBAL_ACCENT_COLOR_NAME = AccentColor;
				CODE_SIGN_STYLE = Automatic;
				DEVELOPMENT_TEAM = 3MZD3465LC;
				INFOPLIST_FILE = Demo/Info.plist;
				IPHONEOS_DEPLOYMENT_TARGET = 10.0;
				LD_RUNPATH_SEARCH_PATHS = (
					"$(inherited)",
					"@executable_path/Frameworks",
				);
				PRODUCT_BUNDLE_IDENTIFIER = com.nongji360.Demo;
				PRODUCT_NAME = "$(TARGET_NAME)";
				TARGETED_DEVICE_FAMILY = "1,2";
			};
			name = Release;
		};
		578A111E256B89A8009E543C /* Debug */ = {
			isa = XCBuildConfiguration;
			buildSettings = {
				BUNDLE_LOADER = "$(TEST_HOST)";
				CODE_SIGN_STYLE = Automatic;
				DEVELOPMENT_TEAM = 3MZD3465LC;
				INFOPLIST_FILE = DemoTests/Info.plist;
				IPHONEOS_DEPLOYMENT_TARGET = 14.1;
				LD_RUNPATH_SEARCH_PATHS = (
					"$(inherited)",
					"@executable_path/Frameworks",
					"@loader_path/Frameworks",
				);
				PRODUCT_BUNDLE_IDENTIFIER = com.nongji360.DemoTests;
				PRODUCT_NAME = "$(TARGET_NAME)";
				TARGETED_DEVICE_FAMILY = "1,2";
				TEST_HOST = "$(BUILT_PRODUCTS_DIR)/Demo.app/Demo";
			};
			name = Debug;
		};
		578A111F256B89A8009E543C /* Release */ = {
			isa = XCBuildConfiguration;
			buildSettings = {
				BUNDLE_LOADER = "$(TEST_HOST)";
				CODE_SIGN_STYLE = Automatic;
				DEVELOPMENT_TEAM = 3MZD3465LC;
				INFOPLIST_FILE = DemoTests/Info.plist;
				IPHONEOS_DEPLOYMENT_TARGET = 14.1;
				LD_RUNPATH_SEARCH_PATHS = (
					"$(inherited)",
					"@executable_path/Frameworks",
					"@loader_path/Frameworks",
				);
				PRODUCT_BUNDLE_IDENTIFIER = com.nongji360.DemoTests;
				PRODUCT_NAME = "$(TARGET_NAME)";
				TARGETED_DEVICE_FAMILY = "1,2";
				TEST_HOST = "$(BUILT_PRODUCTS_DIR)/Demo.app/Demo";
			};
			name = Release;
		};
		578A1121256B89A8009E543C /* Debug */ = {
			isa = XCBuildConfiguration;
			buildSettings = {
				CODE_SIGN_STYLE = Automatic;
				DEVELOPMENT_TEAM = 3MZD3465LC;
				INFOPLIST_FILE = DemoUITests/Info.plist;
				LD_RUNPATH_SEARCH_PATHS = (
					"$(inherited)",
					"@executable_path/Frameworks",
					"@loader_path/Frameworks",
				);
				PRODUCT_BUNDLE_IDENTIFIER = com.nongji360.DemoUITests;
				PRODUCT_NAME = "$(TARGET_NAME)";
				TARGETED_DEVICE_FAMILY = "1,2";
				TEST_TARGET_NAME = Demo;
			};
			name = Debug;
		};
		578A1122256B89A8009E543C /* Release */ = {
			isa = XCBuildConfiguration;
			buildSettings = {
				CODE_SIGN_STYLE = Automatic;
				DEVELOPMENT_TEAM = 3MZD3465LC;
				INFOPLIST_FILE = DemoUITests/Info.plist;
				LD_RUNPATH_SEARCH_PATHS = (
					"$(inherited)",
					"@executable_path/Frameworks",
					"@loader_path/Frameworks",
				);
				PRODUCT_BUNDLE_IDENTIFIER = com.nongji360.DemoUITests;
				PRODUCT_NAME = "$(TARGET_NAME)";
				TARGETED_DEVICE_FAMILY = "1,2";
				TEST_TARGET_NAME = Demo;
			};
			name = Release;
		};
/* End XCBuildConfiguration section */

/* Begin XCConfigurationList section */
		578A10E6256B89A3009E543C /* Build configuration list for PBXProject "Demo" */ = {
			isa = XCConfigurationList;
			buildConfigurations = (
				578A1118256B89A8009E543C /* Debug */,
				578A1119256B89A8009E543C /* Release */,
			);
			defaultConfigurationIsVisible = 0;
			defaultConfigurationName = Release;
		};
		578A111A256B89A8009E543C /* Build configuration list for PBXNativeTarget "Demo" */ = {
			isa = XCConfigurationList;
			buildConfigurations = (
				578A111B256B89A8009E543C /* Debug */,
				578A111C256B89A8009E543C /* Release */,
			);
			defaultConfigurationIsVisible = 0;
			defaultConfigurationName = Release;
		};
		578A111D256B89A8009E543C /* Build configuration list for PBXNativeTarget "DemoTests" */ = {
			isa = XCConfigurationList;
			buildConfigurations = (
				578A111E256B89A8009E543C /* Debug */,
				578A111F256B89A8009E543C /* Release */,
			);
			defaultConfigurationIsVisible = 0;
			defaultConfigurationName = Release;
		};
		578A1120256B89A8009E543C /* Build configuration list for PBXNativeTarget "DemoUITests" */ = {
			isa = XCConfigurationList;
			buildConfigurations = (
				578A1121256B89A8009E543C /* Debug */,
				578A1122256B89A8009E543C /* Release */,
			);
			defaultConfigurationIsVisible = 0;
			defaultConfigurationName = Release;
		};
/* End XCConfigurationList section */
	};
	rootObject = 578A10E3256B89A3009E543C /* Project object */;
}
